
Microsoft Visual Studio Solution File, Format Version 12.00
# Visual Studio Version 17
VisualStudioVersion = 17.11.35219.272
MinimumVisualStudioVersion = 10.0.40219.1
Project("{9A19103F-16F7-4668-BE54-9A1E7A4F7556}") = "FractalPlatform.Common", "FractalPlatform.Common.csproj", "{6E492B1D-51EC-4F3B-8991-01C09017173C}"
EndProject
Global
	GlobalSection(SolutionConfigurationPlatforms) = preSolution
		Debug|Any CPU = Debug|Any CPU
		Release|Any CPU = Release|Any CPU
	EndGlobalSection
	GlobalSection(ProjectConfigurationPlatforms) = postSolution
		{6E492B1D-51EC-4F3B-8991-01C09017173C}.Debug|Any CPU.ActiveCfg = Debug|Any CPU
		{6E492B1D-51EC-4F3B-8991-01C09017173C}.Debug|Any CPU.Build.0 = Debug|Any CPU
		{6E492B1D-51EC-4F3B-8991-01C09017173C}.Release|Any CPU.ActiveCfg = Release|Any CPU
		{6E492B1D-51EC-4F3B-8991-01C09017173C}.Release|Any CPU.Build.0 = Release|Any CPU
	EndGlobalSection
	GlobalSection(SolutionProperties) = preSolution
		HideSolutionNode = FALSE
	EndGlobalSection
	GlobalSection(ExtensibilityGlobals) = postSolution
		SolutionGuid = {24534368-414D-4FF4-8D7A-D6059AEC636D}
	EndGlobalSection
EndGlobal
