
Microsoft Visual Studio Solution File, Format Version 12.00
# Visual Studio Version 17
VisualStudioVersion = 17.7.34024.191
MinimumVisualStudioVersion = 10.0.40219.1
Project("{9A19103F-16F7-4668-BE54-9A1E7A4F7556}") = "FractalPlatform.Seasons", "FractalPlatform.Seasons.csproj", "{1A821F08-86EF-433B-B675-643D4B265D9A}"
EndProject
Global
	GlobalSection(SolutionConfigurationPlatforms) = preSolution
		Debug|Any CPU = Debug|Any CPU
		Release|Any CPU = Release|Any CPU
	EndGlobalSection
	GlobalSection(ProjectConfigurationPlatforms) = postSolution
		{1A821F08-86EF-433B-B675-643D4B265D9A}.Debug|Any CPU.ActiveCfg = Debug|Any CPU
		{1A821F08-86EF-433B-B675-643D4B265D9A}.Debug|Any CPU.Build.0 = Debug|Any CPU
		{1A821F08-86EF-433B-B675-643D4B265D9A}.Release|Any CPU.ActiveCfg = Release|Any CPU
		{1A821F08-86EF-433B-B675-643D4B265D9A}.Release|Any CPU.Build.0 = Release|Any CPU
	EndGlobalSection
	GlobalSection(SolutionProperties) = preSolution
		HideSolutionNode = FALSE
	EndGlobalSection
	GlobalSection(ExtensibilityGlobals) = postSolution
		SolutionGuid = {DC4EC495-A5E5-42AC-B31E-45C504142B59}
	EndGlobalSection
EndGlobal
